
Microsoft Visual Studio Solution File, Format Version 12.00
# Visual Studio 14
VisualStudioVersion = 14.0.25420.1
MinimumVisualStudioVersion = 10.0.40219.1
Project("{FAE04EC0-301F-11D3-BF4B-00C04F79EFBC}") = "TicTacToe_QAandT", "TicTacToe_QAandT\TicTacToe_QAandT.csproj", "{9CAA380A-E006-4678-8ABA-3E77721669C0}"
EndProject
Project("{FAE04EC0-301F-11D3-BF4B-00C04F79EFBC}") = "TicTacToe_QAandTTests", "TicTacToe_QAandTTests\TicTacToe_QAandTTests.csproj", "{43C23DA3-7ADC-430C-9039-8552425F7AB9}"
EndProject
Global
	GlobalSection(SolutionConfigurationPlatforms) = preSolution
		Debug|Any CPU = Debug|Any CPU
		Release|Any CPU = Release|Any CPU
	EndGlobalSection
	GlobalSection(ProjectConfigurationPlatforms) = postSolution
		{9CAA380A-E006-4678-8ABA-3E77721669C0}.Debug|Any CPU.ActiveCfg = Debug|Any CPU
		{9CAA380A-E006-4678-8ABA-3E77721669C0}.Debug|Any CPU.Build.0 = Debug|Any CPU
		{9CAA380A-E006-4678-8ABA-3E77721669C0}.Release|Any CPU.ActiveCfg = Release|Any CPU
		{9CAA380A-E006-4678-8ABA-3E77721669C0}.Release|Any CPU.Build.0 = Release|Any CPU
		{43C23DA3-7ADC-430C-9039-8552425F7AB9}.Debug|Any CPU.ActiveCfg = Debug|Any CPU
		{43C23DA3-7ADC-430C-9039-8552425F7AB9}.Debug|Any CPU.Build.0 = Debug|Any CPU
		{43C23DA3-7ADC-430C-9039-8552425F7AB9}.Release|Any CPU.ActiveCfg = Release|Any CPU
		{43C23DA3-7ADC-430C-9039-8552425F7AB9}.Release|Any CPU.Build.0 = Release|Any CPU
	EndGlobalSection
	GlobalSection(SolutionProperties) = preSolution
		HideSolutionNode = FALSE
	EndGlobalSection
EndGlobal
